PODS:
  - Fritz (1.0.0-beta5)
  - ROGoogleTranslate (0.0.5)

DEPENDENCIES:
  - Fritz (~> 1.0.0-beta)
  - ROGoogleTranslate

SPEC CHECKSUMS:
  Fritz: a3bf484ce949e36748f1b365049be9e5b21a91c9
  ROGoogleTranslate: 344d579487c21af1ae54138baa68605b861ba84e

PODFILE CHECKSUM: 194a96779952466908312a737a6a8fd75ddd4a66

COCOAPODS: 1.4.0
